
Microsoft Visual Studio Solution File, Format Version 12.00
# Visual Studio Version 17
VisualStudioVersion = 17.14.36414.22 d17.14
MinimumVisualStudioVersion = 10.0.40219.1
Project("{FAE04EC0-301F-11D3-BF4B-00C04F79EFBC}") = "Packing Inventory", "Packing Inventory.csproj", "{8B310923-F323-4070-BD83-548E6ABCACDE}"
EndProject
Global
	GlobalSection(SolutionConfigurationPlatforms) = preSolution
		Debug|Any CPU = Debug|Any CPU
		Release|Any CPU = Release|Any CPU
	EndGlobalSection
	GlobalSection(ProjectConfigurationPlatforms) = postSolution
		{8B310923-F323-4070-BD83-548E6ABCACDE}.Debug|Any CPU.ActiveCfg = Debug|Any CPU
		{8B310923-F323-4070-BD83-548E6ABCACDE}.Debug|Any CPU.Build.0 = Debug|Any CPU
		{8B310923-F323-4070-BD83-548E6ABCACDE}.Release|Any CPU.ActiveCfg = Release|Any CPU
		{8B310923-F323-4070-BD83-548E6ABCACDE}.Release|Any CPU.Build.0 = Release|Any CPU
	EndGlobalSection
	GlobalSection(SolutionProperties) = preSolution
		HideSolutionNode = FALSE
	EndGlobalSection
	GlobalSection(ExtensibilityGlobals) = postSolution
		SolutionGuid = {0B71BB96-9F4A-458B-B256-9E07EE9D1161}
	EndGlobalSection
EndGlobal
