
Microsoft Visual Studio Solution File, Format Version 12.00
# Visual Studio Version 17
VisualStudioVersion = 17.14.36414.22 d17.14
MinimumVisualStudioVersion = 10.0.40219.1
Project("{FAE04EC0-301F-11D3-BF4B-00C04F79EFBC}") = "Buying Inventory", "Buying Inventory.csproj", "{FEE9AACE-8765-45F7-963C-8C2D555D7C75}"
EndProject
Global
	GlobalSection(SolutionConfigurationPlatforms) = preSolution
		Debug|Any CPU = Debug|Any CPU
		Release|Any CPU = Release|Any CPU
	EndGlobalSection
	GlobalSection(ProjectConfigurationPlatforms) = postSolution
		{FEE9AACE-8765-45F7-963C-8C2D555D7C75}.Debug|Any CPU.ActiveCfg = Debug|Any CPU
		{FEE9AACE-8765-45F7-963C-8C2D555D7C75}.Debug|Any CPU.Build.0 = Debug|Any CPU
		{FEE9AACE-8765-45F7-963C-8C2D555D7C75}.Release|Any CPU.ActiveCfg = Release|Any CPU
		{FEE9AACE-8765-45F7-963C-8C2D555D7C75}.Release|Any CPU.Build.0 = Release|Any CPU
	EndGlobalSection
	GlobalSection(SolutionProperties) = preSolution
		HideSolutionNode = FALSE
	EndGlobalSection
	GlobalSection(ExtensibilityGlobals) = postSolution
		SolutionGuid = {64871CB5-B45F-414E-A1E0-F70294924423}
	EndGlobalSection
EndGlobal
