
Microsoft Visual Studio Solution File, Format Version 12.00
# Visual Studio Version 17
VisualStudioVersion = 17.14.36414.22 d17.14
MinimumVisualStudioVersion = 10.0.40219.1
Project("{FAE04EC0-301F-11D3-BF4B-00C04F79EFBC}") = "Labeling Inventory", "Labeling Inventory.csproj", "{FFD332EC-DACD-437E-9FC5-43BE9FEDBE88}"
EndProject
Global
	GlobalSection(SolutionConfigurationPlatforms) = preSolution
		Debug|Any CPU = Debug|Any CPU
		Release|Any CPU = Release|Any CPU
	EndGlobalSection
	GlobalSection(ProjectConfigurationPlatforms) = postSolution
		{FFD332EC-DACD-437E-9FC5-43BE9FEDBE88}.Debug|Any CPU.ActiveCfg = Debug|Any CPU
		{FFD332EC-DACD-437E-9FC5-43BE9FEDBE88}.Debug|Any CPU.Build.0 = Debug|Any CPU
		{FFD332EC-DACD-437E-9FC5-43BE9FEDBE88}.Release|Any CPU.ActiveCfg = Release|Any CPU
		{FFD332EC-DACD-437E-9FC5-43BE9FEDBE88}.Release|Any CPU.Build.0 = Release|Any CPU
	EndGlobalSection
	GlobalSection(SolutionProperties) = preSolution
		HideSolutionNode = FALSE
	EndGlobalSection
	GlobalSection(ExtensibilityGlobals) = postSolution
		SolutionGuid = {F182CB21-FFE3-4A4A-B5B2-F52A093B30FE}
	EndGlobalSection
EndGlobal
