
Microsoft Visual Studio Solution File, Format Version 12.00
# Visual Studio Version 17
VisualStudioVersion = 17.14.36414.22 d17.14
MinimumVisualStudioVersion = 10.0.40219.1
Project("{FAE04EC0-301F-11D3-BF4B-00C04F79EFBC}") = "The Replicator of D’To", "The Replicator of D’To.csproj", "{2F258527-D7F4-45C3-8039-52E52F2A435A}"
EndProject
Global
	GlobalSection(SolutionConfigurationPlatforms) = preSolution
		Debug|Any CPU = Debug|Any CPU
		Release|Any CPU = Release|Any CPU
	EndGlobalSection
	GlobalSection(ProjectConfigurationPlatforms) = postSolution
		{2F258527-D7F4-45C3-8039-52E52F2A435A}.Debug|Any CPU.ActiveCfg = Debug|Any CPU
		{2F258527-D7F4-45C3-8039-52E52F2A435A}.Debug|Any CPU.Build.0 = Debug|Any CPU
		{2F258527-D7F4-45C3-8039-52E52F2A435A}.Release|Any CPU.ActiveCfg = Release|Any CPU
		{2F258527-D7F4-45C3-8039-52E52F2A435A}.Release|Any CPU.Build.0 = Release|Any CPU
	EndGlobalSection
	GlobalSection(SolutionProperties) = preSolution
		HideSolutionNode = FALSE
	EndGlobalSection
	GlobalSection(ExtensibilityGlobals) = postSolution
		SolutionGuid = {240C9290-0F10-4373-91E7-B49A6B707226}
	EndGlobalSection
EndGlobal
