
Microsoft Visual Studio Solution File, Format Version 12.00
# Visual Studio Version 17
VisualStudioVersion = 17.14.36414.22 d17.14
MinimumVisualStudioVersion = 10.0.40219.1
Project("{FAE04EC0-301F-11D3-BF4B-00C04F79EFBC}") = "HelloWorld", "HelloWorld.csproj", "{7AC9392A-0AA6-4459-966A-DD5EAD8A33BD}"
EndProject
Global
	GlobalSection(SolutionConfigurationPlatforms) = preSolution
		Debug|Any CPU = Debug|Any CPU
		Release|Any CPU = Release|Any CPU
	EndGlobalSection
	GlobalSection(ProjectConfigurationPlatforms) = postSolution
		{7AC9392A-0AA6-4459-966A-DD5EAD8A33BD}.Debug|Any CPU.ActiveCfg = Debug|Any CPU
		{7AC9392A-0AA6-4459-966A-DD5EAD8A33BD}.Debug|Any CPU.Build.0 = Debug|Any CPU
		{7AC9392A-0AA6-4459-966A-DD5EAD8A33BD}.Release|Any CPU.ActiveCfg = Release|Any CPU
		{7AC9392A-0AA6-4459-966A-DD5EAD8A33BD}.Release|Any CPU.Build.0 = Release|Any CPU
	EndGlobalSection
	GlobalSection(SolutionProperties) = preSolution
		HideSolutionNode = FALSE
	EndGlobalSection
	GlobalSection(ExtensibilityGlobals) = postSolution
		SolutionGuid = {0E940F52-CDE8-4352-8075-49BA4A5DDDBB}
	EndGlobalSection
EndGlobal
