
Microsoft Visual Studio Solution File, Format Version 12.00
# Visual Studio Version 17
VisualStudioVersion = 17.14.36414.22 d17.14
MinimumVisualStudioVersion = 10.0.40219.1
Project("{FAE04EC0-301F-11D3-BF4B-00C04F79EFBC}") = "Colored Items", "Colored Items.csproj", "{18AAC1A9-0D05-4116-A53B-751BB948DCBC}"
EndProject
Global
	GlobalSection(SolutionConfigurationPlatforms) = preSolution
		Debug|Any CPU = Debug|Any CPU
		Release|Any CPU = Release|Any CPU
	EndGlobalSection
	GlobalSection(ProjectConfigurationPlatforms) = postSolution
		{18AAC1A9-0D05-4116-A53B-751BB948DCBC}.Debug|Any CPU.ActiveCfg = Debug|Any CPU
		{18AAC1A9-0D05-4116-A53B-751BB948DCBC}.Debug|Any CPU.Build.0 = Debug|Any CPU
		{18AAC1A9-0D05-4116-A53B-751BB948DCBC}.Release|Any CPU.ActiveCfg = Release|Any CPU
		{18AAC1A9-0D05-4116-A53B-751BB948DCBC}.Release|Any CPU.Build.0 = Release|Any CPU
	EndGlobalSection
	GlobalSection(SolutionProperties) = preSolution
		HideSolutionNode = FALSE
	EndGlobalSection
	GlobalSection(ExtensibilityGlobals) = postSolution
		SolutionGuid = {CBCD31B7-59E5-48BD-A635-393611866CD3}
	EndGlobalSection
EndGlobal
