
Microsoft Visual Studio Solution File, Format Version 12.00
# Visual Studio Version 17
VisualStudioVersion = 17.14.36414.22 d17.14
MinimumVisualStudioVersion = 10.0.40219.1
Project("{FAE04EC0-301F-11D3-BF4B-00C04F79EFBC}") = "The Thing Namer 3000", "The Thing Namer 3000.csproj", "{6FE7886C-BC11-4607-AD43-C79FD146F2DD}"
EndProject
Global
	GlobalSection(SolutionConfigurationPlatforms) = preSolution
		Debug|Any CPU = Debug|Any CPU
		Release|Any CPU = Release|Any CPU
	EndGlobalSection
	GlobalSection(ProjectConfigurationPlatforms) = postSolution
		{6FE7886C-BC11-4607-AD43-C79FD146F2DD}.Debug|Any CPU.ActiveCfg = Debug|Any CPU
		{6FE7886C-BC11-4607-AD43-C79FD146F2DD}.Debug|Any CPU.Build.0 = Debug|Any CPU
		{6FE7886C-BC11-4607-AD43-C79FD146F2DD}.Release|Any CPU.ActiveCfg = Release|Any CPU
		{6FE7886C-BC11-4607-AD43-C79FD146F2DD}.Release|Any CPU.Build.0 = Release|Any CPU
	EndGlobalSection
	GlobalSection(SolutionProperties) = preSolution
		HideSolutionNode = FALSE
	EndGlobalSection
	GlobalSection(ExtensibilityGlobals) = postSolution
		SolutionGuid = {43D5552C-55AA-4A0C-AC15-389BFB9039E0}
	EndGlobalSection
EndGlobal
