
Microsoft Visual Studio Solution File, Format Version 12.00
# Visual Studio Version 17
VisualStudioVersion = 17.14.36414.22 d17.14
MinimumVisualStudioVersion = 10.0.40219.1
Project("{FAE04EC0-301F-11D3-BF4B-00C04F79EFBC}") = "The Three Lenses", "The Three Lenses.csproj", "{28A84C75-7850-4C1F-8E8A-89922D4D99E8}"
EndProject
Global
	GlobalSection(SolutionConfigurationPlatforms) = preSolution
		Debug|Any CPU = Debug|Any CPU
		Release|Any CPU = Release|Any CPU
	EndGlobalSection
	GlobalSection(ProjectConfigurationPlatforms) = postSolution
		{28A84C75-7850-4C1F-8E8A-89922D4D99E8}.Debug|Any CPU.ActiveCfg = Debug|Any CPU
		{28A84C75-7850-4C1F-8E8A-89922D4D99E8}.Debug|Any CPU.Build.0 = Debug|Any CPU
		{28A84C75-7850-4C1F-8E8A-89922D4D99E8}.Release|Any CPU.ActiveCfg = Release|Any CPU
		{28A84C75-7850-4C1F-8E8A-89922D4D99E8}.Release|Any CPU.Build.0 = Release|Any CPU
	EndGlobalSection
	GlobalSection(SolutionProperties) = preSolution
		HideSolutionNode = FALSE
	EndGlobalSection
	GlobalSection(ExtensibilityGlobals) = postSolution
		SolutionGuid = {E9460B8E-540B-44CC-B800-05F19BF5C2AE}
	EndGlobalSection
EndGlobal
