
Microsoft Visual Studio Solution File, Format Version 12.00
# Visual Studio Version 17
VisualStudioVersion = 17.14.36414.22 d17.14
MinimumVisualStudioVersion = 10.0.40219.1
Project("{FAE04EC0-301F-11D3-BF4B-00C04F79EFBC}") = "Countdown", "Countdown.csproj", "{7AC826AF-64F2-4B7F-85E2-9C8A08CB56A8}"
EndProject
Global
	GlobalSection(SolutionConfigurationPlatforms) = preSolution
		Debug|Any CPU = Debug|Any CPU
		Release|Any CPU = Release|Any CPU
	EndGlobalSection
	GlobalSection(ProjectConfigurationPlatforms) = postSolution
		{7AC826AF-64F2-4B7F-85E2-9C8A08CB56A8}.Debug|Any CPU.ActiveCfg = Debug|Any CPU
		{7AC826AF-64F2-4B7F-85E2-9C8A08CB56A8}.Debug|Any CPU.Build.0 = Debug|Any CPU
		{7AC826AF-64F2-4B7F-85E2-9C8A08CB56A8}.Release|Any CPU.ActiveCfg = Release|Any CPU
		{7AC826AF-64F2-4B7F-85E2-9C8A08CB56A8}.Release|Any CPU.Build.0 = Release|Any CPU
	EndGlobalSection
	GlobalSection(SolutionProperties) = preSolution
		HideSolutionNode = FALSE
	EndGlobalSection
	GlobalSection(ExtensibilityGlobals) = postSolution
		SolutionGuid = {B84166F4-CD18-4A7B-AD1E-9FCF7F315074}
	EndGlobalSection
EndGlobal
