
Microsoft Visual Studio Solution File, Format Version 12.00
# Visual Studio Version 17
VisualStudioVersion = 17.14.36414.22 d17.14
MinimumVisualStudioVersion = 10.0.40219.1
Project("{FAE04EC0-301F-11D3-BF4B-00C04F79EFBC}") = "The Makings of a Programmer", "The Makings of a Programmer.csproj", "{D7E2CBA8-D8CA-4569-B354-EEC512569701}"
EndProject
Global
	GlobalSection(SolutionConfigurationPlatforms) = preSolution
		Debug|Any CPU = Debug|Any CPU
		Release|Any CPU = Release|Any CPU
	EndGlobalSection
	GlobalSection(ProjectConfigurationPlatforms) = postSolution
		{D7E2CBA8-D8CA-4569-B354-EEC512569701}.Debug|Any CPU.ActiveCfg = Debug|Any CPU
		{D7E2CBA8-D8CA-4569-B354-EEC512569701}.Debug|Any CPU.Build.0 = Debug|Any CPU
		{D7E2CBA8-D8CA-4569-B354-EEC512569701}.Release|Any CPU.ActiveCfg = Release|Any CPU
		{D7E2CBA8-D8CA-4569-B354-EEC512569701}.Release|Any CPU.Build.0 = Release|Any CPU
	EndGlobalSection
	GlobalSection(SolutionProperties) = preSolution
		HideSolutionNode = FALSE
	EndGlobalSection
	GlobalSection(ExtensibilityGlobals) = postSolution
		SolutionGuid = {B271E20C-5776-4DF3-9893-56F5837CFCF4}
	EndGlobalSection
EndGlobal
