
Microsoft Visual Studio Solution File, Format Version 12.00
# Visual Studio Version 17
VisualStudioVersion = 17.14.36414.22 d17.14
MinimumVisualStudioVersion = 10.0.40219.1
Project("{FAE04EC0-301F-11D3-BF4B-00C04F79EFBC}") = "The Password Validator", "The Password Validator.csproj", "{6D0B424D-7108-410B-AD0A-1A91B6ADC3E8}"
EndProject
Global
	GlobalSection(SolutionConfigurationPlatforms) = preSolution
		Debug|Any CPU = Debug|Any CPU
		Release|Any CPU = Release|Any CPU
	EndGlobalSection
	GlobalSection(ProjectConfigurationPlatforms) = postSolution
		{6D0B424D-7108-410B-AD0A-1A91B6ADC3E8}.Debug|Any CPU.ActiveCfg = Debug|Any CPU
		{6D0B424D-7108-410B-AD0A-1A91B6ADC3E8}.Debug|Any CPU.Build.0 = Debug|Any CPU
		{6D0B424D-7108-410B-AD0A-1A91B6ADC3E8}.Release|Any CPU.ActiveCfg = Release|Any CPU
		{6D0B424D-7108-410B-AD0A-1A91B6ADC3E8}.Release|Any CPU.Build.0 = Release|Any CPU
	EndGlobalSection
	GlobalSection(SolutionProperties) = preSolution
		HideSolutionNode = FALSE
	EndGlobalSection
	GlobalSection(ExtensibilityGlobals) = postSolution
		SolutionGuid = {C002C4AE-F851-4042-8628-7C935FEEB684}
	EndGlobalSection
EndGlobal
