
Microsoft Visual Studio Solution File, Format Version 12.00
# Visual Studio Version 17
VisualStudioVersion = 17.14.36414.22 d17.14
MinimumVisualStudioVersion = 10.0.40219.1
Project("{FAE04EC0-301F-11D3-BF4B-00C04F79EFBC}") = "The Color", "The Color.csproj", "{23978E35-3451-4C03-A389-E5CD5BBC6DE6}"
EndProject
Global
	GlobalSection(SolutionConfigurationPlatforms) = preSolution
		Debug|Any CPU = Debug|Any CPU
		Release|Any CPU = Release|Any CPU
	EndGlobalSection
	GlobalSection(ProjectConfigurationPlatforms) = postSolution
		{23978E35-3451-4C03-A389-E5CD5BBC6DE6}.Debug|Any CPU.ActiveCfg = Debug|Any CPU
		{23978E35-3451-4C03-A389-E5CD5BBC6DE6}.Debug|Any CPU.Build.0 = Debug|Any CPU
		{23978E35-3451-4C03-A389-E5CD5BBC6DE6}.Release|Any CPU.ActiveCfg = Release|Any CPU
		{23978E35-3451-4C03-A389-E5CD5BBC6DE6}.Release|Any CPU.Build.0 = Release|Any CPU
	EndGlobalSection
	GlobalSection(SolutionProperties) = preSolution
		HideSolutionNode = FALSE
	EndGlobalSection
	GlobalSection(ExtensibilityGlobals) = postSolution
		SolutionGuid = {8BC47B89-B8F4-444F-A310-D68FCA9C6FD5}
	EndGlobalSection
EndGlobal
